
Microsoft Visual Studio Solution File, Format Version 12.00
# Visual Studio 15
VisualStudioVersion = 15.0.28010.2036
MinimumVisualStudioVersion = 10.0.40219.1
Project("{FAE04EC0-301F-11D3-BF4B-00C04F79EFBC}") = "collection", "collection\collection.csproj", "{9F62A65E-0F27-4CDC-AE8A-762434B07654}"
EndProject
Global
	GlobalSection(SolutionConfigurationPlatforms) = preSolution
		Debug|Any CPU = Debug|Any CPU
		Release|Any CPU = Release|Any CPU
	EndGlobalSection
	GlobalSection(ProjectConfigurationPlatforms) = postSolution
		{9F62A65E-0F27-4CDC-AE8A-762434B07654}.Debug|Any CPU.ActiveCfg = Debug|Any CPU
		{9F62A65E-0F27-4CDC-AE8A-762434B07654}.Debug|Any CPU.Build.0 = Debug|Any CPU
		{9F62A65E-0F27-4CDC-AE8A-762434B07654}.Release|Any CPU.ActiveCfg = Release|Any CPU
		{9F62A65E-0F27-4CDC-AE8A-762434B07654}.Release|Any CPU.Build.0 = Release|Any CPU
	EndGlobalSection
	GlobalSection(SolutionProperties) = preSolution
		HideSolutionNode = FALSE
	EndGlobalSection
	GlobalSection(ExtensibilityGlobals) = postSolution
		SolutionGuid = {9C8AC545-0B4D-46DF-8C3A-0C661A0560F7}
	EndGlobalSection
EndGlobal
